// !$*UTF8*$!
{
	archiveVersion = 1;
	classes = {
	};
	objectVersion = 56;
	objects = {

/* Begin PBXBuildFile section */
		840A44662C1B2CA900094BDA /* AppDelegate.swift in Sources */ = {isa = PBXBuildFile; fileRef = 840A44652C1B2CA900094BDA /* AppDelegate.swift */; };
		840A44682C1B2CA900094BDA /* SceneDelegate.swift in Sources */ = {isa = PBXBuildFile; fileRef = 840A44672C1B2CA900094BDA /* SceneDelegate.swift */; };
		840A446A2C1B2CA900094BDA /* ViewController.swift in Sources */ = {isa = PBXBuildFile; fileRef = 840A44692C1B2CA900094BDA /* ViewController.swift */; };
		840A446F2C1B2CAA00094BDA /* Assets.xcassets in Resources */ = {isa = PBXBuildFile; fileRef = 840A446E2C1B2CAA00094BDA /* Assets.xcassets */; };
		840A44722C1B2CAA00094BDA /* Base in Resources */ = {isa = PBXBuildFile; fileRef = 840A44712C1B2CAA00094BDA /* Base */; };
		840A447A2C1B2DFE00094BDA /* .gitignore in Resources */ = {isa = PBXBuildFile; fileRef = 840A44792C1B2DFE00094BDA /* .gitignore */; };
		840A447E2C1B6B7C00094BDA /* APIURL.swift in Sources */ = {isa = PBXBuildFile; fileRef = 840A447D2C1B6B7C00094BDA /* APIURL.swift */; };
		840A44802C1B6CF600094BDA /* ShoppingDTO.swift in Sources */ = {isa = PBXBuildFile; fileRef = 840A447F2C1B6CF600094BDA /* ShoppingDTO.swift */; };
		840A44832C1B713300094BDA /* Network.swift in Sources */ = {isa = PBXBuildFile; fileRef = 840A44822C1B713300094BDA /* Network.swift */; };
		840A44862C1B719D00094BDA /* Toast in Frameworks */ = {isa = PBXBuildFile; productRef = 840A44852C1B719D00094BDA /* Toast */; };
		840A44892C1B71A900094BDA /* Kingfisher in Frameworks */ = {isa = PBXBuildFile; productRef = 840A44882C1B71A900094BDA /* Kingfisher */; };
		840A448C2C1B71B700094BDA /* Alamofire in Frameworks */ = {isa = PBXBuildFile; productRef = 840A448B2C1B71B700094BDA /* Alamofire */; };
		840A448F2C1B71C100094BDA /* SnapKit in Frameworks */ = {isa = PBXBuildFile; productRef = 840A448E2C1B71C100094BDA /* SnapKit */; };
		840A44922C1B722A00094BDA /* Then in Frameworks */ = {isa = PBXBuildFile; productRef = 840A44912C1B722A00094BDA /* Then */; };
/* End PBXBuildFile section */

/* Begin PBXFileReference section */
		840A44622C1B2CA900094BDA /* Meaning Out.app */ = {isa = PBXFileReference; explicitFileType = wrapper.application; includeInIndex = 0; path = "Meaning Out.app"; sourceTree = BUILT_PRODUCTS_DIR; };
		840A44652C1B2CA900094BDA /* AppDelegate.swift */ = {isa = PBXFileReference; lastKnownFileType = sourcecode.swift; path = AppDelegate.swift; sourceTree = "<group>"; };
		840A44672C1B2CA900094BDA /* SceneDelegate.swift */ = {isa = PBXFileReference; lastKnownFileType = sourcecode.swift; path = SceneDelegate.swift; sourceTree = "<group>"; };
		840A44692C1B2CA900094BDA /* ViewController.swift */ = {isa = PBXFileReference; lastKnownFileType = sourcecode.swift; path = ViewController.swift; sourceTree = "<group>"; };
		840A446E2C1B2CAA00094BDA /* Assets.xcassets */ = {isa = PBXFileReference; lastKnownFileType = folder.assetcatalog; path = Assets.xcassets; sourceTree = "<group>"; };
		840A44712C1B2CAA00094BDA /* Base */ = {isa = PBXFileReference; lastKnownFileType = file.storyboard; name = Base; path = Base.lproj/LaunchScreen.storyboard; sourceTree = "<group>"; };
		840A44732C1B2CAA00094BDA /* Info.plist */ = {isa = PBXFileReference; lastKnownFileType = text.plist.xml; path = Info.plist; sourceTree = "<group>"; };
		840A44792C1B2DFE00094BDA /* .gitignore */ = {isa = PBXFileReference; lastKnownFileType = text; path = .gitignore; sourceTree = "<group>"; };
		840A447B2C1B603400094BDA /* Configuration.xcconfig */ = {isa = PBXFileReference; lastKnownFileType = text.xcconfig; path = Configuration.xcconfig; sourceTree = "<group>"; };
		840A447D2C1B6B7C00094BDA /* APIURL.swift */ = {isa = PBXFileReference; lastKnownFileType = sourcecode.swift; path = APIURL.swift; sourceTree = "<group>"; };
		840A447F2C1B6CF600094BDA /* ShoppingDTO.swift */ = {isa = PBXFileReference; lastKnownFileType = sourcecode.swift; path = ShoppingDTO.swift; sourceTree = "<group>"; };
		840A44822C1B713300094BDA /* Network.swift */ = {isa = PBXFileReference; lastKnownFileType = sourcecode.swift; path = Network.swift; sourceTree = "<group>"; };
/* End PBXFileReference section */

/* Begin PBXFrameworksBuildPhase section */
		840A445F2C1B2CA900094BDA /* Frameworks */ = {
			isa = PBXFrameworksBuildPhase;
			buildActionMask = 2147483647;
			files = (
				840A44922C1B722A00094BDA /* Then in Frameworks */,
				840A448C2C1B71B700094BDA /* Alamofire in Frameworks */,
				840A448F2C1B71C100094BDA /* SnapKit in Frameworks */,
				840A44892C1B71A900094BDA /* Kingfisher in Frameworks */,
				840A44862C1B719D00094BDA /* Toast in Frameworks */,
			);
			runOnlyForDeploymentPostprocessing = 0;
		};
/* End PBXFrameworksBuildPhase section */

/* Begin PBXGroup section */
		840A44592C1B2CA900094BDA = {
			isa = PBXGroup;
			children = (
				840A44642C1B2CA900094BDA /* Meaning Out */,
				840A44632C1B2CA900094BDA /* Products */,
			);
			sourceTree = "<group>";
		};
		840A44632C1B2CA900094BDA /* Products */ = {
			isa = PBXGroup;
			children = (
				840A44622C1B2CA900094BDA /* Meaning Out.app */,
			);
			name = Products;
			sourceTree = "<group>";
		};
		840A44642C1B2CA900094BDA /* Meaning Out */ = {
			isa = PBXGroup;
			children = (
				840A44812C1B6E5000094BDA /* App */,
				840A447F2C1B6CF600094BDA /* ShoppingDTO.swift */,
				840A447D2C1B6B7C00094BDA /* APIURL.swift */,
				840A44822C1B713300094BDA /* Network.swift */,
				840A44692C1B2CA900094BDA /* ViewController.swift */,
				840A446E2C1B2CAA00094BDA /* Assets.xcassets */,
				840A44702C1B2CAA00094BDA /* LaunchScreen.storyboard */,
				840A44732C1B2CAA00094BDA /* Info.plist */,
				840A44792C1B2DFE00094BDA /* .gitignore */,
				840A447B2C1B603400094BDA /* Configuration.xcconfig */,
			);
			path = "Meaning Out";
			sourceTree = "<group>";
		};
		840A44812C1B6E5000094BDA /* App */ = {
			isa = PBXGroup;
			children = (
				840A44652C1B2CA900094BDA /* AppDelegate.swift */,
				840A44672C1B2CA900094BDA /* SceneDelegate.swift */,
			);
			path = App;
			sourceTree = "<group>";
		};
/* End PBXGroup section */

/* Begin PBXNativeTarget section */
		840A44612C1B2CA900094BDA /* Meaning Out */ = {
			isa = PBXNativeTarget;
			buildConfigurationList = 840A44762C1B2CAA00094BDA /* Build configuration list for PBXNativeTarget "Meaning Out" */;
			buildPhases = (
				840A445E2C1B2CA900094BDA /* Sources */,
				840A445F2C1B2CA900094BDA /* Frameworks */,
				840A44602C1B2CA900094BDA /* Resources */,
			);
			buildRules = (
			);
			dependencies = (
			);
			name = "Meaning Out";
			packageProductDependencies = (
				840A44852C1B719D00094BDA /* Toast */,
				840A44882C1B71A900094BDA /* Kingfisher */,
				840A448B2C1B71B700094BDA /* Alamofire */,
				840A448E2C1B71C100094BDA /* SnapKit */,
				840A44912C1B722A00094BDA /* Then */,
			);
			productName = "Meaning Out";
			productReference = 840A44622C1B2CA900094BDA /* Meaning Out.app */;
			productType = "com.apple.product-type.application";
		};
/* End PBXNativeTarget section */

/* Begin PBXProject section */
		840A445A2C1B2CA900094BDA /* Project object */ = {
			isa = PBXProject;
			attributes = {
				BuildIndependentTargetsInParallel = 1;
				LastSwiftUpdateCheck = 1540;
				LastUpgradeCheck = 1540;
				TargetAttributes = {
					840A44612C1B2CA900094BDA = {
						CreatedOnToolsVersion = 15.4;
					};
				};
			};
			buildConfigurationList = 840A445D2C1B2CA900094BDA /* Build configuration list for PBXProject "Meaning Out" */;
			compatibilityVersion = "Xcode 14.0";
			developmentRegion = en;
			hasScannedForEncodings = 0;
			knownRegions = (
				en,
				Base,
			);
			mainGroup = 840A44592C1B2CA900094BDA;
			packageReferences = (
				840A44842C1B719D00094BDA /* XCRemoteSwiftPackageReference "Toast-Swift" */,
				840A44872C1B71A900094BDA /* XCRemoteSwiftPackageReference "Kingfisher" */,
				840A448A2C1B71B700094BDA /* XCRemoteSwiftPackageReference "Alamofire" */,
				840A448D2C1B71C100094BDA /* XCRemoteSwiftPackageReference "SnapKit" */,
				840A44902C1B722A00094BDA /* XCRemoteSwiftPackageReference "Then" */,
			);
			productRefGroup = 840A44632C1B2CA900094BDA /* Products */;
			projectDirPath = "";
			projectRoot = "";
			targets = (
				840A44612C1B2CA900094BDA /* Meaning Out */,
			);
		};
/* End PBXProject section */

/* Begin PBXResourcesBuildPhase section */
		840A44602C1B2CA900094BDA /* Resources */ = {
			isa = PBXResourcesBuildPhase;
			buildActionMask = 2147483647;
			files = (
				840A446F2C1B2CAA00094BDA /* Assets.xcassets in Resources */,
				840A447A2C1B2DFE00094BDA /* .gitignore in Resources */,
				840A44722C1B2CAA00094BDA /* Base in Resources */,
			);
			runOnlyForDeploymentPostprocessing = 0;
		};
/* End PBXResourcesBuildPhase section */

/* Begin PBXSourcesBuildPhase section */
		840A445E2C1B2CA900094BDA /* Sources */ = {
			isa = PBXSourcesBuildPhase;
			buildActionMask = 2147483647;
			files = (
				840A447E2C1B6B7C00094BDA /* APIURL.swift in Sources */,
				840A446A2C1B2CA900094BDA /* ViewController.swift in Sources */,
				840A44832C1B713300094BDA /* Network.swift in Sources */,
				840A44662C1B2CA900094BDA /* AppDelegate.swift in Sources */,
				840A44802C1B6CF600094BDA /* ShoppingDTO.swift in Sources */,
				840A44682C1B2CA900094BDA /* SceneDelegate.swift in Sources */,
			);
			runOnlyForDeploymentPostprocessing = 0;
		};
/* End PBXSourcesBuildPhase section */

/* Begin PBXVariantGroup section */
		840A44702C1B2CAA00094BDA /* LaunchScreen.storyboard */ = {
			isa = PBXVariantGroup;
			children = (
				840A44712C1B2CAA00094BDA /* Base */,
			);
			name = LaunchScreen.storyboard;
			sourceTree = "<group>";
		};
/* End PBXVariantGroup section */

/* Begin XCBuildConfiguration section */
		840A44742C1B2CAA00094BDA /* Debug */ = {
			isa = XCBuildConfiguration;
			baseConfigurationReference = 840A447B2C1B603400094BDA /* Configuration.xcconfig */;
			buildSettings = {
				ALWAYS_SEARCH_USER_PATHS = NO;
				ASSETCATALOG_COMPILER_GENERATE_SWIFT_ASSET_SYMBOL_EXTENSIONS = YES;
				CLANG_ANALYZER_NONNULL = YES;
				CLANG_ANALYZER_NUMBER_OBJECT_CONVERSION = YES_AGGRESSIVE;
				CLANG_CXX_LANGUAGE_STANDARD = "gnu++20";
				CLANG_ENABLE_MODULES = YES;
				CLANG_ENABLE_OBJC_ARC = YES;
				CLANG_ENABLE_OBJC_WEAK = YES;
				CLANG_WARN_BLOCK_CAPTURE_AUTORELEASING = YES;
				CLANG_WARN_BOOL_CONVERSION = YES;
				CLANG_WARN_COMMA = YES;
				CLANG_WARN_CONSTANT_CONVERSION = YES;
				CLANG_WARN_DEPRECATED_OBJC_IMPLEMENTATIONS = YES;
				CLANG_WARN_DIRECT_OBJC_ISA_USAGE = YES_ERROR;
				CLANG_WARN_DOCUMENTATION_COMMENTS = YES;
				CLANG_WARN_EMPTY_BODY = YES;
				CLANG_WARN_ENUM_CONVERSION = YES;
				CLANG_WARN_INFINITE_RECURSION = YES;
				CLANG_WARN_INT_CONVERSION = YES;
				CLANG_WARN_NON_LITERAL_NULL_CONVERSION = YES;
				CLANG_WARN_OBJC_IMPLICIT_RETAIN_SELF = YES;
				CLANG_WARN_OBJC_LITERAL_CONVERSION = YES;
				CLANG_WARN_OBJC_ROOT_CLASS = YES_ERROR;
				CLANG_WARN_QUOTED_INCLUDE_IN_FRAMEWORK_HEADER = YES;
				CLANG_WARN_RANGE_LOOP_ANALYSIS = YES;
				CLANG_WARN_STRICT_PROTOTYPES = YES;
				CLANG_WARN_SUSPICIOUS_MOVE = YES;
				CLANG_WARN_UNGUARDED_AVAILABILITY = YES_AGGRESSIVE;
				CLANG_WARN_UNREACHABLE_CODE = YES;
				CLANG_WARN__DUPLICATE_METHOD_MATCH = YES;
				COPY_PHASE_STRIP = NO;
				DEBUG_INFORMATION_FORMAT = dwarf;
				ENABLE_STRICT_OBJC_MSGSEND = YES;
				ENABLE_TESTABILITY = YES;
				ENABLE_USER_SCRIPT_SANDBOXING = YES;
				GCC_C_LANGUAGE_STANDARD = gnu17;
				GCC_DYNAMIC_NO_PIC = NO;
				GCC_NO_COMMON_BLOCKS = YES;
				GCC_OPTIMIZATION_LEVEL = 0;
				GCC_PREPROCESSOR_DEFINITIONS = (
					"DEBUG=1",
					"$(inherited)",
				);
				GCC_WARN_64_TO_32_BIT_CONVERSION = YES;
				GCC_WARN_ABOUT_RETURN_TYPE = YES_ERROR;
				GCC_WARN_UNDECLARED_SELECTOR = YES;
				GCC_WARN_UNINITIALIZED_AUTOS = YES_AGGRESSIVE;
				GCC_WARN_UNUSED_FUNCTION = YES;
				GCC_WARN_UNUSED_VARIABLE = YES;
				IPHONEOS_DEPLOYMENT_TARGET = 17.5;
				LOCALIZATION_PREFERS_STRING_CATALOGS = YES;
				MTL_ENABLE_DEBUG_INFO = INCLUDE_SOURCE;
				MTL_FAST_MATH = YES;
				ONLY_ACTIVE_ARCH = YES;
				SDKROOT = iphoneos;
				SWIFT_ACTIVE_COMPILATION_CONDITIONS = "DEBUG $(inherited)";
				SWIFT_OPTIMIZATION_LEVEL = "-Onone";
			};
			name = Debug;
		};
		840A44752C1B2CAA00094BDA /* Release */ = {
			isa = XCBuildConfiguration;
			baseConfigurationReference = 840A447B2C1B603400094BDA /* Configuration.xcconfig */;
			buildSettings = {
				ALWAYS_SEARCH_USER_PATHS = NO;
				ASSETCATALOG_COMPILER_GENERATE_SWIFT_ASSET_SYMBOL_EXTENSIONS = YES;
				CLANG_ANALYZER_NONNULL = YES;
				CLANG_ANALYZER_NUMBER_OBJECT_CONVERSION = YES_AGGRESSIVE;
				CLANG_CXX_LANGUAGE_STANDARD = "gnu++20";
				CLANG_ENABLE_MODULES = YES;
				CLANG_ENABLE_OBJC_ARC = YES;
				CLANG_ENABLE_OBJC_WEAK = YES;
				CLANG_WARN_BLOCK_CAPTURE_AUTORELEASING = YES;
				CLANG_WARN_BOOL_CONVERSION = YES;
				CLANG_WARN_COMMA = YES;
				CLANG_WARN_CONSTANT_CONVERSION = YES;
				CLANG_WARN_DEPRECATED_OBJC_IMPLEMENTATIONS = YES;
				CLANG_WARN_DIRECT_OBJC_ISA_USAGE = YES_ERROR;
				CLANG_WARN_DOCUMENTATION_COMMENTS = YES;
				CLANG_WARN_EMPTY_BODY = YES;
				CLANG_WARN_ENUM_CONVERSION = YES;
				CLANG_WARN_INFINITE_RECURSION = YES;
				CLANG_WARN_INT_CONVERSION = YES;
				CLANG_WARN_NON_LITERAL_NULL_CONVERSION = YES;
				CLANG_WARN_OBJC_IMPLICIT_RETAIN_SELF = YES;
				CLANG_WARN_OBJC_LITERAL_CONVERSION = YES;
				CLANG_WARN_OBJC_ROOT_CLASS = YES_ERROR;
				CLANG_WARN_QUOTED_INCLUDE_IN_FRAMEWORK_HEADER = YES;
				CLANG_WARN_RANGE_LOOP_ANALYSIS = YES;
				CLANG_WARN_STRICT_PROTOTYPES = YES;
				CLANG_WARN_SUSPICIOUS_MOVE = YES;
				CLANG_WARN_UNGUARDED_AVAILABILITY = YES_AGGRESSIVE;
				CLANG_WARN_UNREACHABLE_CODE = YES;
				CLANG_WARN__DUPLICATE_METHOD_MATCH = YES;
				COPY_PHASE_STRIP = NO;
				DEBUG_INFORMATION_FORMAT = "dwarf-with-dsym";
				ENABLE_NS_ASSERTIONS = NO;
				ENABLE_STRICT_OBJC_MSGSEND = YES;
				ENABLE_USER_SCRIPT_SANDBOXING = YES;
				GCC_C_LANGUAGE_STANDARD = gnu17;
				GCC_NO_COMMON_BLOCKS = YES;
				GCC_WARN_64_TO_32_BIT_CONVERSION = YES;
				GCC_WARN_ABOUT_RETURN_TYPE = YES_ERROR;
				GCC_WARN_UNDECLARED_SELECTOR = YES;
				GCC_WARN_UNINITIALIZED_AUTOS = YES_AGGRESSIVE;
				GCC_WARN_UNUSED_FUNCTION = YES;
				GCC_WARN_UNUSED_VARIABLE = YES;
				IPHONEOS_DEPLOYMENT_TARGET = 17.5;
				LOCALIZATION_PREFERS_STRING_CATALOGS = YES;
				MTL_ENABLE_DEBUG_INFO = NO;
				MTL_FAST_MATH = YES;
				SDKROOT = iphoneos;
				SWIFT_COMPILATION_MODE = wholemodule;
				VALIDATE_PRODUCT = YES;
			};
			name = Release;
		};
		840A44772C1B2CAA00094BDA /* Debug */ = {
			isa = XCBuildConfiguration;
			baseConfigurationReference = 840A447B2C1B603400094BDA /* Configuration.xcconfig */;
			buildSettings = {
				ASSETCATALOG_COMPILER_APPICON_NAME = AppIcon;
				ASSETCATALOG_COMPILER_GLOBAL_ACCENT_COLOR_NAME = AccentColor;
				CODE_SIGN_STYLE = Automatic;
				CURRENT_PROJECT_VERSION = 1;
				DEVELOPMENT_TEAM = DB9LFYULKZ;
				GENERATE_INFOPLIST_FILE = YES;
				INFOPLIST_FILE = "Meaning Out/Info.plist";
				INFOPLIST_KEY_UIApplicationSupportsIndirectInputEvents = YES;
				INFOPLIST_KEY_UILaunchStoryboardName = LaunchScreen;
				INFOPLIST_KEY_UISupportedInterfaceOrientations = UIInterfaceOrientationPortrait;
				INFOPLIST_KEY_UISupportedInterfaceOrientations_iPad = UIInterfaceOrientationPortrait;
				IPHONEOS_DEPLOYMENT_TARGET = 16.0;
				LD_RUNPATH_SEARCH_PATHS = (
					"$(inherited)",
					"@executable_path/Frameworks",
				);
				MARKETING_VERSION = 1.0;
				PRODUCT_BUNDLE_IDENTIFIER = "yoruck2.Meaning-Out";
				PRODUCT_NAME = "$(TARGET_NAME)";
				SUPPORTED_PLATFORMS = "iphoneos iphonesimulator";
				SUPPORTS_MACCATALYST = NO;
				SUPPORTS_MAC_DESIGNED_FOR_IPHONE_IPAD = NO;
				SUPPORTS_XR_DESIGNED_FOR_IPHONE_IPAD = NO;
				SWIFT_EMIT_LOC_STRINGS = YES;
				SWIFT_VERSION = 5.0;
				TARGETED_DEVICE_FAMILY = 1;
			};
			name = Debug;
		};
		840A44782C1B2CAA00094BDA /* Release */ = {
			isa = XCBuildConfiguration;
			baseConfigurationReference = 840A447B2C1B603400094BDA /* Configuration.xcconfig */;
			buildSettings = {
				ASSETCATALOG_COMPILER_APPICON_NAME = AppIcon;
				ASSETCATALOG_COMPILER_GLOBAL_ACCENT_COLOR_NAME = AccentColor;
				CODE_SIGN_STYLE = Automatic;
				CURRENT_PROJECT_VERSION = 1;
				DEVELOPMENT_TEAM = DB9LFYULKZ;
				GENERATE_INFOPLIST_FILE = YES;
				INFOPLIST_FILE = "Meaning Out/Info.plist";
				INFOPLIST_KEY_UIApplicationSupportsIndirectInputEvents = YES;
				INFOPLIST_KEY_UILaunchStoryboardName = LaunchScreen;
				INFOPLIST_KEY_UISupportedInterfaceOrientations = UIInterfaceOrientationPortrait;
				INFOPLIST_KEY_UISupportedInterfaceOrientations_iPad = UIInterfaceOrientationPortrait;
				IPHONEOS_DEPLOYMENT_TARGET = 16.0;
				LD_RUNPATH_SEARCH_PATHS = (
					"$(inherited)",
					"@executable_path/Frameworks",
				);
				MARKETING_VERSION = 1.0;
				PRODUCT_BUNDLE_IDENTIFIER = "yoruck2.Meaning-Out";
				PRODUCT_NAME = "$(TARGET_NAME)";
				SUPPORTED_PLATFORMS = "iphoneos iphonesimulator";
				SUPPORTS_MACCATALYST = NO;
				SUPPORTS_MAC_DESIGNED_FOR_IPHONE_IPAD = NO;
				SUPPORTS_XR_DESIGNED_FOR_IPHONE_IPAD = NO;
				SWIFT_EMIT_LOC_STRINGS = YES;
				SWIFT_VERSION = 5.0;
				TARGETED_DEVICE_FAMILY = 1;
			};
			name = Release;
		};
/* End XCBuildConfiguration section */

/* Begin XCConfigurationList section */
		840A445D2C1B2CA900094BDA /* Build configuration list for PBXProject "Meaning Out" */ = {
			isa = XCConfigurationList;
			buildConfigurations = (
				840A44742C1B2CAA00094BDA /* Debug */,
				840A44752C1B2CAA00094BDA /* Release */,
			);
			defaultConfigurationIsVisible = 0;
			defaultConfigurationName = Release;
		};
		840A44762C1B2CAA00094BDA /* Build configuration list for PBXNativeTarget "Meaning Out" */ = {
			isa = XCConfigurationList;
			buildConfigurations = (
				840A44772C1B2CAA00094BDA /* Debug */,
				840A44782C1B2CAA00094BDA /* Release */,
			);
			defaultConfigurationIsVisible = 0;
			defaultConfigurationName = Release;
		};
/* End XCConfigurationList section */

/* Begin XCRemoteSwiftPackageReference section */
		840A44842C1B719D00094BDA /* XCRemoteSwiftPackageReference "Toast-Swift" */ = {
			isa = XCRemoteSwiftPackageReference;
			repositoryURL = "https://github.com/scalessec/Toast-Swift";
			requirement = {
				kind = upToNextMajorVersion;
				minimumVersion = 5.1.1;
			};
		};
		840A44872C1B71A900094BDA /* XCRemoteSwiftPackageReference "Kingfisher" */ = {
			isa = XCRemoteSwiftPackageReference;
			repositoryURL = "https://github.com/onevcat/Kingfisher";
			requirement = {
				kind = upToNextMajorVersion;
				minimumVersion = 7.12.0;
			};
		};
		840A448A2C1B71B700094BDA /* XCRemoteSwiftPackageReference "Alamofire" */ = {
			isa = XCRemoteSwiftPackageReference;
			repositoryURL = "https://github.com/Alamofire/Alamofire";
			requirement = {
				kind = upToNextMajorVersion;
				minimumVersion = 5.9.1;
			};
		};
		840A448D2C1B71C100094BDA /* XCRemoteSwiftPackageReference "SnapKit" */ = {
			isa = XCRemoteSwiftPackageReference;
			repositoryURL = "https://github.com/SnapKit/SnapKit";
			requirement = {
				kind = upToNextMajorVersion;
				minimumVersion = 5.7.1;
			};
		};
		840A44902C1B722A00094BDA /* XCRemoteSwiftPackageReference "Then" */ = {
			isa = XCRemoteSwiftPackageReference;
			repositoryURL = "https://github.com/devxoul/Then";
			requirement = {
				kind = upToNextMajorVersion;
				minimumVersion = 3.0.0;
			};
		};
/* End XCRemoteSwiftPackageReference section */

/* Begin XCSwiftPackageProductDependency section */
		840A44852C1B719D00094BDA /* Toast */ = {
			isa = XCSwiftPackageProductDependency;
			package = 840A44842C1B719D00094BDA /* XCRemoteSwiftPackageReference "Toast-Swift" */;
			productName = Toast;
		};
		840A44882C1B71A900094BDA /* Kingfisher */ = {
			isa = XCSwiftPackageProductDependency;
			package = 840A44872C1B71A900094BDA /* XCRemoteSwiftPackageReference "Kingfisher" */;
			productName = Kingfisher;
		};
		840A448B2C1B71B700094BDA /* Alamofire */ = {
			isa = XCSwiftPackageProductDependency;
			package = 840A448A2C1B71B700094BDA /* XCRemoteSwiftPackageReference "Alamofire" */;
			productName = Alamofire;
		};
		840A448E2C1B71C100094BDA /* SnapKit */ = {
			isa = XCSwiftPackageProductDependency;
			package = 840A448D2C1B71C100094BDA /* XCRemoteSwiftPackageReference "SnapKit" */;
			productName = SnapKit;
		};
		840A44912C1B722A00094BDA /* Then */ = {
			isa = XCSwiftPackageProductDependency;
			package = 840A44902C1B722A00094BDA /* XCRemoteSwiftPackageReference "Then" */;
			productName = Then;
		};
/* End XCSwiftPackageProductDependency section */
	};
	rootObject = 840A445A2C1B2CA900094BDA /* Project object */;
}
